<?xml version="1.0" encoding="utf-8"?>
<Project ToolsVersion="4.0" xmlns="http://schemas.microsoft.com/developer/msbuild/2003">
  <ItemGroup>
    <Filter Include="Source Files">
      <UniqueIdentifier>{4FC737F1-C7A5-4376-A066-2A32D752A2FF}</UniqueIdentifier>
      <Extensions>cpp;c;cc;cxx;def;odl;idl;hpj;bat;asm;asmx</Extensions>
    </Filter>
    <Filter Include="Header Files">
      <UniqueIdentifier>{93995380-89BD-4b04-88EB-625FBE52EBFB}</UniqueIdentifier>
      <Extensions>h;hh;hpp;hxx;hm;inl;inc;xsd</Extensions>
    </Filter>
    <Filter Include="Resource Files">
      <UniqueIdentifier>{D9D6E242-F8AF-46E4-B9FD-80ECBC20BA3E}</UniqueIdentifier>
      <Extensions>qrc;*</Extensions>
      <ParseFiles>false</ParseFiles>
    </Filter>
    <Filter Include="Resource Files">
      <UniqueIdentifier>{D9D6E242-F8AF-46E4-B9FD-80ECBC20BA3E}</UniqueIdentifier>
      <Extensions>qrc;*</Extensions>
      <ParseFiles>false</ParseFiles>
    </Filter>
    <Filter Include="Form Files">
      <UniqueIdentifier>{99349809-55BA-4b9d-BF79-8FDBB0286EB3}</UniqueIdentifier>
      <Extensions>ui</Extensions>
      <ParseFiles>true</ParseFiles>
    </Filter>
    <Filter Include="cca">
      <UniqueIdentifier>{baa38adf-f7f2-4b75-8594-1c4037c9012d}</UniqueIdentifier>
    </Filter>
    <Filter Include="sobi">
      <UniqueIdentifier>{4b4f1e5e-5144-4cd8-b216-da670258134c}</UniqueIdentifier>
    </Filter>
    <Filter Include="matlab_common">
      <UniqueIdentifier>{f2a588f4-7047-4eba-8151-6eee9f004c06}</UniqueIdentifier>
    </Filter>
    <Filter Include="infomax">
      <UniqueIdentifier>{fbb59263-43a6-42c0-9e7e-f5cacde3d0d4}</UniqueIdentifier>
    </Filter>
    <Filter Include="json">
      <UniqueIdentifier>{9d1e284f-51c4-4e2b-830b-5732e9c5f8bf}</UniqueIdentifier>
    </Filter>
    <Filter Include="fast_ica">
      <UniqueIdentifier>{9804f0e1-7b39-4a9f-b35c-c49fb3e508cd}</UniqueIdentifier>
    </Filter>
  </ItemGroup>
  <ItemGroup>
    <ClInclude Include="ica_global.h">
      <Filter>Header Files</Filter>
    </ClInclude>
    <ClInclude Include="infomax_algo.h">
      <Filter>Header Files</Filter>
    </ClInclude>
    <ClInclude Include="r250.h">
      <Filter>Header Files</Filter>
    </ClInclude>
    <ClInclude Include="randlcg.h">
      <Filter>Header Files</Filter>
    </ClInclude>
    <ClInclude Include="cca\cca.h">
      <Filter>cca</Filter>
    </ClInclude>
    <ClInclude Include="cca\cca_data.h">
      <Filter>cca</Filter>
    </ClInclude>
    <ClInclude Include="cca\cca_initialize.h">
      <Filter>cca</Filter>
    </ClInclude>
    <ClInclude Include="cca\cca_spec.h">
      <Filter>cca</Filter>
    </ClInclude>
    <ClInclude Include="cca\cca_terminate.h">
      <Filter>cca</Filter>
    </ClInclude>
    <ClInclude Include="cca\cca_types.h">
      <Filter>cca</Filter>
    </ClInclude>
    <ClInclude Include="cca\coder_array.h">
      <Filter>cca</Filter>
    </ClInclude>
    <ClInclude Include="cca\qr.h">
      <Filter>cca</Filter>
    </ClInclude>
    <ClInclude Include="sobi\mtimes.h">
      <Filter>sobi</Filter>
    </ClInclude>
    <ClInclude Include="sobi\sobi_coder_data.h">
      <Filter>sobi</Filter>
    </ClInclude>
    <ClInclude Include="sobi\sobi_coder_initialize.h">
      <Filter>sobi</Filter>
    </ClInclude>
    <ClInclude Include="sobi\sobi_coder_terminate.h">
      <Filter>sobi</Filter>
    </ClInclude>
    <ClInclude Include="sobi\sobi_coder_types.h">
      <Filter>sobi</Filter>
    </ClInclude>
    <ClInclude Include="sobi\pca.h">
      <Filter>sobi</Filter>
    </ClInclude>
    <ClInclude Include="sobi\sobi_coder_rtwutil.h">
      <Filter>sobi</Filter>
    </ClInclude>
    <ClInclude Include="matlab_common\coder_array.h">
      <Filter>matlab_common</Filter>
    </ClInclude>
    <ClInclude Include="matlab_common\pinv.h">
      <Filter>matlab_common</Filter>
    </ClInclude>
    <ClInclude Include="matlab_common\rot90.h">
      <Filter>matlab_common</Filter>
    </ClInclude>
    <ClInclude Include="matlab_common\rt_nonfinite.h">
      <Filter>matlab_common</Filter>
    </ClInclude>
    <ClInclude Include="matlab_common\rtGetInf.h">
      <Filter>matlab_common</Filter>
    </ClInclude>
    <ClInclude Include="matlab_common\rtGetNaN.h">
      <Filter>matlab_common</Filter>
    </ClInclude>
    <ClInclude Include="matlab_common\rtwtypes.h">
      <Filter>matlab_common</Filter>
    </ClInclude>
    <ClInclude Include="matlab_common\svd.h">
      <Filter>matlab_common</Filter>
    </ClInclude>
    <ClInclude Include="matlab_common\tmwtypes.h">
      <Filter>matlab_common</Filter>
    </ClInclude>
    <ClInclude Include="sobi\xdhseqr.h">
      <Filter>sobi</Filter>
    </ClInclude>
    <ClInclude Include="sobi\xdlanv2.h">
      <Filter>sobi</Filter>
    </ClInclude>
    <ClInclude Include="sobi\xnrm2.h">
      <Filter>sobi</Filter>
    </ClInclude>
    <ClInclude Include="sobi\xzggbal.h">
      <Filter>sobi</Filter>
    </ClInclude>
    <ClInclude Include="sobi\xzhgeqz.h">
      <Filter>sobi</Filter>
    </ClInclude>
    <ClInclude Include="sobi\xzlarf.h">
      <Filter>sobi</Filter>
    </ClInclude>
    <ClInclude Include="sobi\xzlarfg.h">
      <Filter>sobi</Filter>
    </ClInclude>
    <ClInclude Include="sobi\xzlartg.h">
      <Filter>sobi</Filter>
    </ClInclude>
    <ClInclude Include="sobi\xztgevc.h">
      <Filter>sobi</Filter>
    </ClInclude>
    <ClInclude Include="sobi\eigStandard.h">
      <Filter>sobi</Filter>
    </ClInclude>
    <ClInclude Include="sobi\sort.h">
      <Filter>sobi</Filter>
    </ClInclude>
    <ClInclude Include="sobi\sortAscendLE.h">
      <Filter>sobi</Filter>
    </ClInclude>
    <ClInclude Include="sobi\rt_defines.h">
      <Filter>sobi</Filter>
    </ClInclude>
    <ClInclude Include="sobi\schur.h">
      <Filter>sobi</Filter>
    </ClInclude>
    <ClInclude Include="sobi\sqrt.h">
      <Filter>sobi</Filter>
    </ClInclude>
    <ClInclude Include="sobi\sobi_coder.h">
      <Filter>sobi</Filter>
    </ClInclude>
    <ClInclude Include="infomax\infomax_algo.h">
      <Filter>infomax</Filter>
    </ClInclude>
    <ClInclude Include="infomax\r250.h">
      <Filter>infomax</Filter>
    </ClInclude>
    <ClInclude Include="infomax\randlcg.h">
      <Filter>infomax</Filter>
    </ClInclude>
    <ClInclude Include="fast_ica\ICAFastICA.h">
      <Filter>fast_ica</Filter>
    </ClInclude>
    <ClInclude Include="cca\ICAcca.h">
      <Filter>cca</Filter>
    </ClInclude>
  </ItemGroup>
  <ItemGroup>
    <QtMoc Include="ICASettings.h">
      <Filter>Header Files</Filter>
    </QtMoc>
    <QtMoc Include="ica.h">
      <Filter>Header Files</Filter>
    </QtMoc>
    <QtMoc Include="ICAAlgorithm.h">
      <Filter>Header Files</Filter>
    </QtMoc>
    <QtMoc Include="sobi\ICASobi.h">
      <Filter>sobi</Filter>
    </QtMoc>
    <QtMoc Include="infomax\ICAInfomax.h">
      <Filter>infomax</Filter>
    </QtMoc>
  </ItemGroup>
  <ItemGroup>
    <ClCompile Include="ica.cpp">
      <Filter>Source Files</Filter>
    </ClCompile>
    <ClCompile Include="ICASettings.cpp">
      <Filter>Source Files</Filter>
    </ClCompile>
    <ClCompile Include="cca\cca.cpp">
      <Filter>cca</Filter>
    </ClCompile>
    <ClCompile Include="cca\cca_data.cpp">
      <Filter>cca</Filter>
    </ClCompile>
    <ClCompile Include="cca\cca_initialize.cpp">
      <Filter>cca</Filter>
    </ClCompile>
    <ClCompile Include="cca\cca_terminate.cpp">
      <Filter>cca</Filter>
    </ClCompile>
    <ClCompile Include="cca\qr.cpp">
      <Filter>cca</Filter>
    </ClCompile>
    <ClCompile Include="cca\run_cca.cpp">
      <Filter>cca</Filter>
    </ClCompile>
    <ClCompile Include="sobi\mtimes.cpp">
      <Filter>sobi</Filter>
    </ClCompile>
    <ClCompile Include="sobi\sobi_coder_data.cpp">
      <Filter>sobi</Filter>
    </ClCompile>
    <ClCompile Include="sobi\sobi_coder_initialize.cpp">
      <Filter>sobi</Filter>
    </ClCompile>
    <ClCompile Include="sobi\sobi_coder_terminate.cpp">
      <Filter>sobi</Filter>
    </ClCompile>
    <ClCompile Include="sobi\pca.cpp">
      <Filter>sobi</Filter>
    </ClCompile>
    <ClCompile Include="sobi\sobi_coder_rtwutil.cpp">
      <Filter>sobi</Filter>
    </ClCompile>
    <ClCompile Include="matlab_common\pinv.cpp">
      <Filter>matlab_common</Filter>
    </ClCompile>
    <ClCompile Include="matlab_common\rot90.cpp">
      <Filter>matlab_common</Filter>
    </ClCompile>
    <ClCompile Include="matlab_common\rt_nonfinite.cpp">
      <Filter>matlab_common</Filter>
    </ClCompile>
    <ClCompile Include="matlab_common\rtGetInf.cpp">
      <Filter>matlab_common</Filter>
    </ClCompile>
    <ClCompile Include="matlab_common\rtGetNaN.cpp">
      <Filter>matlab_common</Filter>
    </ClCompile>
    <ClCompile Include="matlab_common\svd.cpp">
      <Filter>matlab_common</Filter>
    </ClCompile>
    <ClCompile Include="sobi\xdhseqr.cpp">
      <Filter>sobi</Filter>
    </ClCompile>
    <ClCompile Include="sobi\xdlanv2.cpp">
      <Filter>sobi</Filter>
    </ClCompile>
    <ClCompile Include="sobi\xnrm2.cpp">
      <Filter>sobi</Filter>
    </ClCompile>
    <ClCompile Include="sobi\xzggbal.cpp">
      <Filter>sobi</Filter>
    </ClCompile>
    <ClCompile Include="sobi\xzhgeqz.cpp">
      <Filter>sobi</Filter>
    </ClCompile>
    <ClCompile Include="sobi\xzlarf.cpp">
      <Filter>sobi</Filter>
    </ClCompile>
    <ClCompile Include="sobi\xzlarfg.cpp">
      <Filter>sobi</Filter>
    </ClCompile>
    <ClCompile Include="sobi\xzlartg.cpp">
      <Filter>sobi</Filter>
    </ClCompile>
    <ClCompile Include="sobi\xztgevc.cpp">
      <Filter>sobi</Filter>
    </ClCompile>
    <ClCompile Include="sobi\eigStandard.cpp">
      <Filter>sobi</Filter>
    </ClCompile>
    <ClCompile Include="sobi\sort.cpp">
      <Filter>sobi</Filter>
    </ClCompile>
    <ClCompile Include="sobi\sortAscendLE.cpp">
      <Filter>sobi</Filter>
    </ClCompile>
    <ClCompile Include="sobi\schur.cpp">
      <Filter>sobi</Filter>
    </ClCompile>
    <ClCompile Include="sobi\sqrt.cpp">
      <Filter>sobi</Filter>
    </ClCompile>
    <ClCompile Include="sobi\sobi_coder.cpp">
      <Filter>sobi</Filter>
    </ClCompile>
    <ClCompile Include="ICAAlgorithm.cpp">
      <Filter>Source Files</Filter>
    </ClCompile>
    <ClCompile Include="infomax\ICAInfomax.cpp">
      <Filter>infomax</Filter>
    </ClCompile>
    <ClCompile Include="infomax\infomax_algo.cpp">
      <Filter>infomax</Filter>
    </ClCompile>
    <ClCompile Include="infomax\r250.c">
      <Filter>infomax</Filter>
    </ClCompile>
    <ClCompile Include="infomax\randlcg.c">
      <Filter>infomax</Filter>
    </ClCompile>
    <ClCompile Include="sobi\ICASobi.cpp">
      <Filter>sobi</Filter>
    </ClCompile>
    <ClCompile Include="fast_ica\ICAFastICA.cpp">
      <Filter>fast_ica</Filter>
    </ClCompile>
    <ClCompile Include="cca\ICAcca.cpp">
      <Filter>cca</Filter>
    </ClCompile>
  </ItemGroup>
  <ItemGroup>
    <QtRcc Include="Resource.qrc">
      <Filter>Resource Files</Filter>
    </QtRcc>
  </ItemGroup>
  <ItemGroup>
    <QtUic Include="ICASettings.ui">
      <Filter>Form Files</Filter>
    </QtUic>
  </ItemGroup>
  <ItemGroup>
    <None Include="..\..\AnyWave\AnyWave.licenseheader" />
    <None Include="json\batch.json">
      <Filter>json</Filter>
    </None>
  </ItemGroup>
</Project>