<?xml version="1.0" encoding="utf-8"?>
<Project ToolsVersion="4.0" xmlns="http://schemas.microsoft.com/developer/msbuild/2003">
  <ItemGroup>
    <Filter Include="Source Files">
      <UniqueIdentifier>{4FC737F1-C7A5-4376-A066-2A32D752A2FF}</UniqueIdentifier>
      <Extensions>cpp;c;cc;cxx;def;odl;idl;hpj;bat;asm;asmx</Extensions>
    </Filter>
    <Filter Include="Header Files">
      <UniqueIdentifier>{93995380-89BD-4b04-88EB-625FBE52EBFB}</UniqueIdentifier>
      <Extensions>h;hh;hpp;hxx;hm;inl;inc;xsd</Extensions>
    </Filter>
    <Filter Include="Resource Files">
      <UniqueIdentifier>{D9D6E242-F8AF-46E4-B9FD-80ECBC20BA3E}</UniqueIdentifier>
      <Extensions>qrc;*</Extensions>
      <ParseFiles>false</ParseFiles>
    </Filter>
    <Filter Include="Resource Files">
      <UniqueIdentifier>{D9D6E242-F8AF-46E4-B9FD-80ECBC20BA3E}</UniqueIdentifier>
      <Extensions>qrc;*</Extensions>
      <ParseFiles>false</ParseFiles>
    </Filter>
    <Filter Include="Form Files">
      <UniqueIdentifier>{99349809-55BA-4b9d-BF79-8FDBB0286EB3}</UniqueIdentifier>
      <Extensions>ui</Extensions>
      <ParseFiles>true</ParseFiles>
    </Filter>
  </ItemGroup>
  <ItemGroup>
    <ClCompile Include="GraphArrow.cpp">
      <Filter>Source Files</Filter>
    </ClCompile>
    <ClCompile Include="GraphArrowBase.cpp">
      <Filter>Source Files</Filter>
    </ClCompile>
    <ClCompile Include="GraphArrowDir.cpp">
      <Filter>Source Files</Filter>
    </ClCompile>
    <ClCompile Include="GraphArrowLag.cpp">
      <Filter>Source Files</Filter>
    </ClCompile>
    <ClCompile Include="GraphColorMap.cpp">
      <Filter>Source Files</Filter>
    </ClCompile>
    <ClCompile Include="GraphLegend.cpp">
      <Filter>Source Files</Filter>
    </ClCompile>
    <ClCompile Include="GraphManagerWidget.cpp">
      <Filter>Source Files</Filter>
    </ClCompile>
    <ClCompile Include="GraphSensorItem.cpp">
      <Filter>Source Files</Filter>
    </ClCompile>
    <ClCompile Include="GraphSet.cpp">
      <Filter>Source Files</Filter>
    </ClCompile>
    <ClCompile Include="GraphSetModel.cpp">
      <Filter>Source Files</Filter>
    </ClCompile>
    <ClCompile Include="GraphWindow.cpp">
      <Filter>Source Files</Filter>
    </ClCompile>
    <ClCompile Include="H2Graphs.cpp">
      <Filter>Source Files</Filter>
    </ClCompile>
    <ClCompile Include="H2SelectPairsDial.cpp">
      <Filter>Source Files</Filter>
    </ClCompile>
  </ItemGroup>
  <ItemGroup>
    <ClInclude Include="GraphArrow.h">
      <Filter>Header Files</Filter>
    </ClInclude>
    <ClInclude Include="GraphArrowBase.h">
      <Filter>Header Files</Filter>
    </ClInclude>
    <ClInclude Include="GraphArrowDir.h">
      <Filter>Header Files</Filter>
    </ClInclude>
    <ClInclude Include="GraphArrowLag.h">
      <Filter>Header Files</Filter>
    </ClInclude>
    <ClInclude Include="GraphColorMap.h">
      <Filter>Header Files</Filter>
    </ClInclude>
    <ClInclude Include="GraphLegend.h">
      <Filter>Header Files</Filter>
    </ClInclude>
    <ClInclude Include="GraphSensorItem.h">
      <Filter>Header Files</Filter>
    </ClInclude>
    <ClInclude Include="GraphSet.h">
      <Filter>Header Files</Filter>
    </ClInclude>
    <ClInclude Include="h2graphs_global.h">
      <Filter>Header Files</Filter>
    </ClInclude>
  </ItemGroup>
  <ItemGroup>
    <QtMoc Include="GraphManagerWidget.h">
      <Filter>Header Files</Filter>
    </QtMoc>
    <QtMoc Include="GraphSetModel.h">
      <Filter>Header Files</Filter>
    </QtMoc>
    <QtMoc Include="GraphWindow.h">
      <Filter>Header Files</Filter>
    </QtMoc>
    <QtMoc Include="H2Graphs.h">
      <Filter>Header Files</Filter>
    </QtMoc>
    <QtMoc Include="H2SelectPairsDial.h">
      <Filter>Header Files</Filter>
    </QtMoc>
  </ItemGroup>
  <ItemGroup>
    <QtRcc Include="Graphs.qrc">
      <Filter>Resource Files</Filter>
    </QtRcc>
  </ItemGroup>
  <ItemGroup>
    <QtUic Include="GraphWindow.ui">
      <Filter>Form Files</Filter>
    </QtUic>
    <QtUic Include="GraphManagerWidget.ui">
      <Filter>Form Files</Filter>
    </QtUic>
    <QtUic Include="H2SelectPairsDial.ui">
      <Filter>Form Files</Filter>
    </QtUic>
  </ItemGroup>
  <ItemGroup>
    <None Include="..\..\AnyWave\AnyWave.licenseheader" />
  </ItemGroup>
</Project>