<?xml version="1.0" encoding="utf-8"?>
<Project ToolsVersion="4.0" xmlns="http://schemas.microsoft.com/developer/msbuild/2003">
  <ItemGroup>
    <Filter Include="Source Files">
      <UniqueIdentifier>{4FC737F1-C7A5-4376-A066-2A32D752A2FF}</UniqueIdentifier>
      <Extensions>cpp;cxx;c;def</Extensions>
    </Filter>
    <Filter Include="Form Files">
      <UniqueIdentifier>{99349809-55BA-4b9d-BF79-8FDBB0286EB3}</UniqueIdentifier>
      <Extensions>ui</Extensions>
    </Filter>
    <Filter Include="Resource Files">
      <UniqueIdentifier>{D9D6E242-F8AF-46E4-B9FD-80ECBC20BA3E}</UniqueIdentifier>
      <Extensions>qrc;*</Extensions>
      <ParseFiles>false</ParseFiles>
    </Filter>
    <Filter Include="Generated Files">
      <UniqueIdentifier>{71ED8ED8-ACB9-4CE9-BBE1-E00B30144E11}</UniqueIdentifier>
      <Extensions>moc;h;cpp</Extensions>
      <SourceControlFiles>False</SourceControlFiles>
    </Filter>
    <Filter Include="Generated Files\Debug">
      <UniqueIdentifier>{ccffdb1d-4eb0-4a4a-8f30-b1ba2cc62394}</UniqueIdentifier>
      <Extensions>cpp;moc</Extensions>
      <SourceControlFiles>False</SourceControlFiles>
    </Filter>
    <Filter Include="Generated Files\Release">
      <UniqueIdentifier>{04a3d7e7-2263-4587-8b4c-a3d3a4bcc5c4}</UniqueIdentifier>
      <Extensions>cpp;moc</Extensions>
      <SourceControlFiles>False</SourceControlFiles>
    </Filter>
    <Filter Include="Data">
      <UniqueIdentifier>{b94461c4-2184-4beb-b86a-c96e56ebe2fa}</UniqueIdentifier>
    </Filter>
    <Filter Include="Carto">
      <UniqueIdentifier>{2c68c14f-c99f-4121-8c19-4cb8957131f0}</UniqueIdentifier>
    </Filter>
    <Filter Include="Debug">
      <UniqueIdentifier>{80135848-2daf-4609-b44a-b4833487e112}</UniqueIdentifier>
    </Filter>
    <Filter Include="Display">
      <UniqueIdentifier>{2cc0f7ff-ab68-4b23-969a-b624ff557243}</UniqueIdentifier>
    </Filter>
    <Filter Include="Filter">
      <UniqueIdentifier>{039fdc38-93fc-4554-b99e-f69f3e93bf02}</UniqueIdentifier>
    </Filter>
    <Filter Include="IO">
      <UniqueIdentifier>{c547275c-5540-48b9-a87a-072ff6830d12}</UniqueIdentifier>
    </Filter>
    <Filter Include="IO\ADES">
      <UniqueIdentifier>{7cb55d3b-502d-455e-b764-bf8d238b7bad}</UniqueIdentifier>
    </Filter>
    <Filter Include="Marker">
      <UniqueIdentifier>{89142d20-eb71-464e-a930-9658185c18bf}</UniqueIdentifier>
    </Filter>
    <Filter Include="MATPy">
      <UniqueIdentifier>{7c31cfe0-a873-4fd5-8f97-0060fa0d9b79}</UniqueIdentifier>
    </Filter>
    <Filter Include="Montage">
      <UniqueIdentifier>{213c89d3-aee9-43ad-aab9-28466b5d4176}</UniqueIdentifier>
    </Filter>
    <Filter Include="Plugin">
      <UniqueIdentifier>{15637ced-2285-4c4c-b926-5e91308c0bf2}</UniqueIdentifier>
    </Filter>
    <Filter Include="Process">
      <UniqueIdentifier>{84a391ca-48c0-41d1-90d8-5b0cfffe08a8}</UniqueIdentifier>
    </Filter>
    <Filter Include="Widgets">
      <UniqueIdentifier>{042359da-f1ee-4221-b0ff-e1d7e520dd29}</UniqueIdentifier>
    </Filter>
    <Filter Include="ICA">
      <UniqueIdentifier>{1a339efa-f739-40d1-b903-24a9daa8580c}</UniqueIdentifier>
    </Filter>
    <Filter Include="Header Files">
      <UniqueIdentifier>{93995380-89BD-4b04-88EB-625FBE52EBFB}</UniqueIdentifier>
      <Extensions>h</Extensions>
    </Filter>
    <Filter Include="Translation Files">
      <UniqueIdentifier>{639EADAA-A684-42e4-A9AD-28FC9BCB8F7C}</UniqueIdentifier>
      <Extensions>ts</Extensions>
      <ParseFiles>false</ParseFiles>
    </Filter>
    <Filter Include="Prefs">
      <UniqueIdentifier>{3e6ed016-cf27-4828-9056-54783039ac18}</UniqueIdentifier>
    </Filter>
    <Filter Include="Source">
      <UniqueIdentifier>{aea2612b-9f04-41ce-8dd7-329e100fe02d}</UniqueIdentifier>
    </Filter>
    <Filter Include="IO\MATLAB">
      <UniqueIdentifier>{affe80c4-bee8-4d1e-81df-156092db3e82}</UniqueIdentifier>
    </Filter>
    <Filter Include="IO\BIDS">
      <UniqueIdentifier>{0aab16f7-7041-428d-8fe7-ab2ca5844f4b}</UniqueIdentifier>
    </Filter>
    <Filter Include="IO\JSON">
      <UniqueIdentifier>{91da93a5-d679-495d-8641-a951dcf939af}</UniqueIdentifier>
    </Filter>
    <Filter Include="CL">
      <UniqueIdentifier>{c3e57cdc-9212-4554-86e5-41e441da7831}</UniqueIdentifier>
    </Filter>
    <Filter Include="Signal">
      <UniqueIdentifier>{cabb318c-61b6-4997-920d-200e0b613cd1}</UniqueIdentifier>
    </Filter>
    <Filter Include="Batch">
      <UniqueIdentifier>{fad4582d-3dc6-447f-a72d-bded135f70b3}</UniqueIdentifier>
    </Filter>
    <Filter Include="3DViewer">
      <UniqueIdentifier>{88896aab-51fb-4d2c-a9ce-2a449abd5915}</UniqueIdentifier>
    </Filter>
    <Filter Include="Updater">
      <UniqueIdentifier>{28d04abc-c7d2-41ce-97aa-5026f47a626f}</UniqueIdentifier>
    </Filter>
    <Filter Include="IO\export">
      <UniqueIdentifier>{26e02caa-2dd8-4632-b145-d6b821165ec5}</UniqueIdentifier>
    </Filter>
  </ItemGroup>
  <ItemGroup>
    <ClCompile Include="Data\AwDataConnection.cpp">
      <Filter>Data</Filter>
    </ClCompile>
    <ClCompile Include="Data\AwDataServer.cpp">
      <Filter>Data</Filter>
    </ClCompile>
    <ClCompile Include="Debug\AwDebugLog.cpp">
      <Filter>Debug</Filter>
    </ClCompile>
    <ClCompile Include="Debug\AwDebugLogWidget.cpp">
      <Filter>Debug</Filter>
    </ClCompile>
    <ClCompile Include="Display\AwChannelSelectionDial.cpp">
      <Filter>Display</Filter>
    </ClCompile>
    <ClCompile Include="Display\AwChannelSelectionModel.cpp">
      <Filter>Display</Filter>
    </ClCompile>
    <ClCompile Include="Display\AwDisplay.cpp">
      <Filter>Display</Filter>
    </ClCompile>
    <ClCompile Include="Display\AwDisplaySetup.cpp">
      <Filter>Display</Filter>
    </ClCompile>
    <ClCompile Include="Display\AwDSMSaveSetupUI.cpp">
      <Filter>Display</Filter>
    </ClCompile>
    <ClCompile Include="Display\AwNewViewDial.cpp">
      <Filter>Display</Filter>
    </ClCompile>
    <ClCompile Include="Display\AwScene.cpp">
      <Filter>Display</Filter>
    </ClCompile>
    <ClCompile Include="Display\AwSignalView.cpp">
      <Filter>Display</Filter>
    </ClCompile>
    <ClCompile Include="Filter\AwFilterToolBar.cpp">
      <Filter>Filter</Filter>
    </ClCompile>
    <ClCompile Include="Marker\AwDockAddMarker.cpp">
      <Filter>Marker</Filter>
    </ClCompile>
    <ClCompile Include="Marker\AwMarkerListModel.cpp">
      <Filter>Marker</Filter>
    </ClCompile>
    <ClCompile Include="Marker\AwMarkerManager.cpp">
      <Filter>Marker</Filter>
    </ClCompile>
    <ClCompile Include="Marker\AwMarkerManagerSettings.cpp">
      <Filter>Marker</Filter>
    </ClCompile>
    <ClCompile Include="Marker\AwMarkerRule.cpp">
      <Filter>Marker</Filter>
    </ClCompile>
    <ClCompile Include="Marker\AwMarkerRuleElement.cpp">
      <Filter>Marker</Filter>
    </ClCompile>
    <ClCompile Include="Marker\AwMarkerRuleManageDial.cpp">
      <Filter>Marker</Filter>
    </ClCompile>
    <ClCompile Include="Marker\AwMarkerRuleWidget.cpp">
      <Filter>Marker</Filter>
    </ClCompile>
    <ClCompile Include="Marker\AwMarkerTableView.cpp">
      <Filter>Marker</Filter>
    </ClCompile>
    <ClCompile Include="Marker\AwNewMarkerRuleDial.cpp">
      <Filter>Marker</Filter>
    </ClCompile>
    <ClCompile Include="MATPy\AwMATPyServer.cpp">
      <Filter>MATPy</Filter>
    </ClCompile>
    <ClCompile Include="Montage\AwChannelListModel.cpp">
      <Filter>Montage</Filter>
    </ClCompile>
    <ClCompile Include="Montage\AwMontageDial.cpp">
      <Filter>Montage</Filter>
    </ClCompile>
    <ClCompile Include="Montage\AwMontageManager.cpp">
      <Filter>Montage</Filter>
    </ClCompile>
    <ClCompile Include="Montage\AwMontageTableView.cpp">
      <Filter>Montage</Filter>
    </ClCompile>
    <ClCompile Include="Plugin\AwPluginDial.cpp">
      <Filter>Plugin</Filter>
    </ClCompile>
    <ClCompile Include="Plugin\AwPluginManager.cpp">
      <Filter>Plugin</Filter>
    </ClCompile>
    <ClCompile Include="Prefs\AwPreferences.cpp">
      <Filter>Prefs</Filter>
    </ClCompile>
    <ClCompile Include="Prefs\AwPrefsDial.cpp">
      <Filter>Prefs</Filter>
    </ClCompile>
    <ClCompile Include="Prefs\AwSettings.cpp">
      <Filter>Prefs</Filter>
    </ClCompile>
    <ClCompile Include="Process\AwMatlabScriptPlugin.cpp">
      <Filter>Process</Filter>
    </ClCompile>
    <ClCompile Include="Process\AwProcessesWidget.cpp">
      <Filter>Process</Filter>
    </ClCompile>
    <ClCompile Include="Process\AwProcessManager.cpp">
      <Filter>Process</Filter>
    </ClCompile>
    <ClCompile Include="Process\AwProcessMarkerModel.cpp">
      <Filter>Process</Filter>
    </ClCompile>
    <ClCompile Include="Process\AwProgressIndicator.cpp">
      <Filter>Process</Filter>
    </ClCompile>
    <ClCompile Include="Process\AwPythonScriptPlugin.cpp">
      <Filter>Process</Filter>
    </ClCompile>
    <ClCompile Include="Process\AwScriptPlugin.cpp">
      <Filter>Process</Filter>
    </ClCompile>
    <ClCompile Include="Process\AwTriggerParser.cpp">
      <Filter>Process</Filter>
    </ClCompile>
    <ClCompile Include="Process\TPUi.cpp">
      <Filter>Process</Filter>
    </ClCompile>
    <ClCompile Include="Widgets\AwAboutAnyWave.cpp">
      <Filter>Widgets</Filter>
    </ClCompile>
    <ClCompile Include="Widgets\AwCursorMarkerToolBar.cpp">
      <Filter>Widgets</Filter>
    </ClCompile>
    <ClCompile Include="Widgets\AwDisplaySetupToolBar.cpp">
      <Filter>Widgets</Filter>
    </ClCompile>
    <ClCompile Include="Widgets\AwDisplayToolBar.cpp">
      <Filter>Widgets</Filter>
    </ClCompile>
    <ClCompile Include="Widgets\AwFilePropertiesDialog.cpp">
      <Filter>Widgets</Filter>
    </ClCompile>
    <ClCompile Include="Widgets\AwFilePropertiesModel.cpp">
      <Filter>Widgets</Filter>
    </ClCompile>
    <ClCompile Include="Widgets\AwFileToolBar.cpp">
      <Filter>Widgets</Filter>
    </ClCompile>
    <ClCompile Include="Widgets\AwMappingToolBar.cpp">
      <Filter>Widgets</Filter>
    </ClCompile>
    <ClCompile Include="Widgets\AwMarkersBar.cpp">
      <Filter>Widgets</Filter>
    </ClCompile>
    <ClCompile Include="Widgets\AwMontageRefWidget.cpp">
      <Filter>Widgets</Filter>
    </ClCompile>
    <ClCompile Include="Widgets\AwMontageToolBar.cpp">
      <Filter>Widgets</Filter>
    </ClCompile>
    <ClCompile Include="Widgets\AwPleaseWaitWidget.cpp">
      <Filter>Widgets</Filter>
    </ClCompile>
    <ClCompile Include="Widgets\AwTriggerParsingDialog.cpp">
      <Filter>Widgets</Filter>
    </ClCompile>
    <ClCompile Include="AnyWave.cpp">
      <Filter>Source Files</Filter>
    </ClCompile>
    <ClCompile Include="AwExportDial.cpp">
      <Filter>Source Files</Filter>
    </ClCompile>
    <ClCompile Include="main.cpp">
      <Filter>Source Files</Filter>
    </ClCompile>
    <ClCompile Include="Carto\AwMappingClient.cpp">
      <Filter>Carto</Filter>
    </ClCompile>
    <ClCompile Include="ICA\AwICAManager.cpp">
      <Filter>ICA</Filter>
    </ClCompile>
    <ClCompile Include="ICA\AwICAComponents.cpp">
      <Filter>ICA</Filter>
    </ClCompile>
    <ClCompile Include="ICA\AwICAChannel.cpp">
      <Filter>ICA</Filter>
    </ClCompile>
    <ClCompile Include="ICA\AwICASignalItem.cpp">
      <Filter>ICA</Filter>
    </ClCompile>
    <ClCompile Include="ICA\AwICARejectButton.cpp">
      <Filter>ICA</Filter>
    </ClCompile>
    <ClCompile Include="Process\AwProcessLogWindow.cpp">
      <Filter>Process</Filter>
    </ClCompile>
    <ClCompile Include="Process\AwProcessWidget.cpp">
      <Filter>Process</Filter>
    </ClCompile>
    <ClCompile Include="MATPy\AwRequestServer.cpp">
      <Filter>MATPy</Filter>
    </ClCompile>
    <ClCompile Include="MATPy\AddMarkers.cpp">
      <Filter>MATPy</Filter>
    </ClCompile>
    <ClCompile Include="MATPy\IsTerminated.cpp">
      <Filter>MATPy</Filter>
    </ClCompile>
    <ClCompile Include="MATPy\SendMessage.cpp">
      <Filter>MATPy</Filter>
    </ClCompile>
    <ClCompile Include="MATPy\GetPluginInfo.cpp">
      <Filter>MATPy</Filter>
    </ClCompile>
    <ClCompile Include="MATPy\SendCommand.cpp">
      <Filter>MATPy</Filter>
    </ClCompile>
    <ClCompile Include="Display\AwViewSetup.cpp">
      <Filter>Display</Filter>
    </ClCompile>
    <ClCompile Include="ICA\AwMappingButton.cpp">
      <Filter>ICA</Filter>
    </ClCompile>
    <ClCompile Include="Carto\AwDockMapping.cpp">
      <Filter>Carto</Filter>
    </ClCompile>
    <ClCompile Include="Carto\AwMappingWidget.cpp">
      <Filter>Carto</Filter>
    </ClCompile>
    <ClCompile Include="ICA\AwICAPanel.cpp">
      <Filter>ICA</Filter>
    </ClCompile>
    <ClCompile Include="ICA\AwPanelItem.cpp">
      <Filter>ICA</Filter>
    </ClCompile>
    <ClCompile Include="Display\AwCentralWidget.cpp">
      <Filter>Display</Filter>
    </ClCompile>
    <ClCompile Include="MATPy\GetFileInfo.cpp">
      <Filter>MATPy</Filter>
    </ClCompile>
    <ClCompile Include="Marker\AwExtractTriggers.cpp">
      <Filter>Marker</Filter>
    </ClCompile>
    <ClCompile Include="Process\AwProcessLogManager.cpp">
      <Filter>Process</Filter>
    </ClCompile>
    <ClCompile Include="Process\AwProcessLog.cpp">
      <Filter>Process</Filter>
    </ClCompile>
    <ClCompile Include="Marker\AwPickChannelsDial.cpp">
      <Filter>Marker</Filter>
    </ClCompile>
    <ClCompile Include="MATPy\GetScreenCapture.cpp">
      <Filter>MATPy</Filter>
    </ClCompile>
    <ClCompile Include="MATPy\GetICAPanelCapture.cpp">
      <Filter>MATPy</Filter>
    </ClCompile>
    <ClCompile Include="MATPy\SetBeamFormer.cpp">
      <Filter>MATPy</Filter>
    </ClCompile>
    <ClCompile Include="Source\AwSourceManager.cpp">
      <Filter>Source</Filter>
    </ClCompile>
    <ClCompile Include="Source\AwSourceChannel.cpp">
      <Filter>Source</Filter>
    </ClCompile>
    <ClCompile Include="IO\ADES\ADESIO.cpp">
      <Filter>IO\ADES</Filter>
    </ClCompile>
    <ClCompile Include="Marker\AwMarkersExportWidget.cpp">
      <Filter>Marker</Filter>
    </ClCompile>
    <ClCompile Include="Process\AwMarkerExporter.cpp">
      <Filter>Process</Filter>
    </ClCompile>
    <ClCompile Include="IO\MATLAB\MATLABIO.cpp">
      <Filter>IO\MATLAB</Filter>
    </ClCompile>
    <ClCompile Include="MATPy\GetTriggers.cpp">
      <Filter>MATPy</Filter>
    </ClCompile>
    <ClCompile Include="MATPy\GetMarkers.cpp">
      <Filter>MATPy</Filter>
    </ClCompile>
    <ClCompile Include="MATPy\GetData.cpp">
      <Filter>MATPy</Filter>
    </ClCompile>
    <ClCompile Include="Process\AwTriggerWriter.cpp">
      <Filter>Process</Filter>
    </ClCompile>
    <ClCompile Include="Widgets\AwSelectTriggerChannelDialog.cpp">
      <Filter>Widgets</Filter>
    </ClCompile>
    <ClCompile Include="Process\AwTriggerEraser.cpp">
      <Filter>Process</Filter>
    </ClCompile>
    <ClCompile Include="IO\BIDS\AwBIDSManager.cpp">
      <Filter>IO\BIDS</Filter>
    </ClCompile>
    <ClCompile Include="IO\BIDS\AwBIDSGUI.cpp">
      <Filter>IO\BIDS</Filter>
    </ClCompile>
    <ClCompile Include="IO\BIDS\AwBIDSItem.cpp">
      <Filter>IO\BIDS</Filter>
    </ClCompile>
    <ClCompile Include="MATPy\GetPluginIO.cpp">
      <Filter>MATPy</Filter>
    </ClCompile>
    <ClCompile Include="MATPy\GetDataEx.cpp">
      <Filter>MATPy</Filter>
    </ClCompile>
    <ClCompile Include="MATPy\AwTCPResponse.cpp">
      <Filter>MATPy</Filter>
    </ClCompile>
    <ClCompile Include="AwOpenFileDialog.cpp">
      <Filter>Source Files</Filter>
    </ClCompile>
    <ClCompile Include="Data\AwDataChunk.cpp">
      <Filter>Data</Filter>
    </ClCompile>
    <ClCompile Include="AwFileOpenSave.cpp">
      <Filter>Source Files</Filter>
    </ClCompile>
    <ClCompile Include="IO\JSON\AwJSON.cpp">
      <Filter>IO\JSON</Filter>
    </ClCompile>
    <ClCompile Include="CL\AwCommandLogger.cpp">
      <Filter>CL</Filter>
    </ClCompile>
    <ClCompile Include="CL\CommandLineParser.cpp">
      <Filter>CL</Filter>
    </ClCompile>
    <ClCompile Include="CL\AwCommandLineManager.cpp">
      <Filter>CL</Filter>
    </ClCompile>
    <ClCompile Include="Montage\AwECoGDialog.cpp">
      <Filter>Montage</Filter>
    </ClCompile>
    <ClCompile Include="Montage\AwECoGTableModel.cpp">
      <Filter>Montage</Filter>
    </ClCompile>
    <ClCompile Include="Montage\AwECoGGrid.cpp">
      <Filter>Montage</Filter>
    </ClCompile>
    <ClCompile Include="Process\AwLogPlainTextEdit.cpp">
      <Filter>Process</Filter>
    </ClCompile>
    <ClCompile Include="Process\AwMATLABMarkersExporter.cpp">
      <Filter>Process</Filter>
    </ClCompile>
    <ClCompile Include="CL\AwRunProcess.cpp">
      <Filter>CL</Filter>
    </ClCompile>
    <ClCompile Include="MATPy\AwGetMarkersEx.cpp">
      <Filter>MATPy</Filter>
    </ClCompile>
    <ClCompile Include="Display\AwVideoManager.cpp">
      <Filter>Display</Filter>
    </ClCompile>
    <ClCompile Include="Widgets\AwVideoSettingsDial.cpp">
      <Filter>Widgets</Filter>
    </ClCompile>
    <ClCompile Include="MATPy\OpenNewFile.cpp">
      <Filter>MATPy</Filter>
    </ClCompile>
    <ClCompile Include="MATPy\GetProperties.cpp">
      <Filter>MATPy</Filter>
    </ClCompile>
    <ClCompile Include="MATPy\RunAnyWave.cpp">
      <Filter>MATPy</Filter>
    </ClCompile>
    <ClCompile Include="MATPy\AwPidManager.cpp">
      <Filter>MATPy</Filter>
    </ClCompile>
    <ClCompile Include="Data\AwDataSet.cpp">
      <Filter>Data</Filter>
    </ClCompile>
    <ClCompile Include="Batch\AwBatchDialog.cpp">
      <Filter>Batch</Filter>
    </ClCompile>
    <ClCompile Include="Batch\AwBatchModel.cpp">
      <Filter>Batch</Filter>
    </ClCompile>
    <ClCompile Include="Batch\AwAddEditBatchDialog.cpp">
      <Filter>Batch</Filter>
    </ClCompile>
    <ClCompile Include="Batch\AwBatchRunner.cpp">
      <Filter>Batch</Filter>
    </ClCompile>
    <ClCompile Include="Batch\AwBatchFileInputWidget.cpp">
      <Filter>Batch</Filter>
    </ClCompile>
    <ClCompile Include="IO\BIDS\AwBIDSGUIOptionsDialog.cpp">
      <Filter>IO\BIDS</Filter>
    </ClCompile>
    <ClCompile Include="Batch\AwBatchManager.cpp">
      <Filter>Batch</Filter>
    </ClCompile>
    <ClCompile Include="Batch\AwBatchItem.cpp">
      <Filter>Batch</Filter>
    </ClCompile>
    <ClCompile Include="AwMapping.cpp">
      <Filter>Source Files</Filter>
    </ClCompile>
    <ClCompile Include="AwBatch.cpp">
      <Filter>Source Files</Filter>
    </ClCompile>
    <ClCompile Include="AwMATLAB.cpp">
      <Filter>Source Files</Filter>
    </ClCompile>
    <ClCompile Include="Batch\AwBatchGUI.cpp">
      <Filter>Batch</Filter>
    </ClCompile>
    <ClCompile Include="IO\BIDS\AwBIDSConvert.cpp">
      <Filter>IO\BIDS</Filter>
    </ClCompile>
    <ClCompile Include="IO\BIDS\AwBIDSTsv.cpp">
      <Filter>IO\BIDS</Filter>
    </ClCompile>
    <ClCompile Include="Data\AwDataManager.cpp">
      <Filter>Data</Filter>
    </ClCompile>
    <ClCompile Include="MATPy\DebugConnect.cpp">
      <Filter>MATPy</Filter>
    </ClCompile>
    <ClCompile Include="AwHelpMenu.cpp">
      <Filter>Source Files</Filter>
    </ClCompile>
    <ClCompile Include="Marker\AwStatsWidget.cpp">
      <Filter>Marker</Filter>
    </ClCompile>
    <ClCompile Include="AwComponents.cpp">
      <Filter>Source Files</Filter>
    </ClCompile>
    <ClCompile Include="MATPy\SendMarkers.cpp">
      <Filter>MATPy</Filter>
    </ClCompile>
    <ClCompile Include="Plugin\AwMATPyCreator.cpp">
      <Filter>Plugin</Filter>
    </ClCompile>
    <ClCompile Include="3DViewer\AwSEEGInteractor.cpp">
      <Filter>3DViewer</Filter>
    </ClCompile>
    <ClCompile Include="3DViewer\AwSEEGViewer.cpp">
      <Filter>3DViewer</Filter>
    </ClCompile>
    <ClCompile Include="3DViewer\AwSEEGWidget.cpp">
      <Filter>3DViewer</Filter>
    </ClCompile>
    <ClCompile Include="3DViewer\vtkPialReader.cpp">
      <Filter>3DViewer</Filter>
    </ClCompile>
    <ClCompile Include="ICA\AwSEEGMap.cpp">
      <Filter>ICA</Filter>
    </ClCompile>
    <ClCompile Include="Updater\AwUpdateManager.cpp">
      <Filter>Updater</Filter>
    </ClCompile>
    <ClCompile Include="Updater\AwUpdaterGui.cpp">
      <Filter>Updater</Filter>
    </ClCompile>
    <ClCompile Include="Updater\AwDownloadGui.cpp">
      <Filter>Updater</Filter>
    </ClCompile>
    <ClCompile Include="Display\AwDisplayEvents.cpp">
      <Filter>Display</Filter>
    </ClCompile>
    <ClCompile Include="MATPy\Run.cpp">
      <Filter>MATPy</Filter>
    </ClCompile>
    <ClCompile Include="IO\BIDS\AwBIDSParsing.cpp">
      <Filter>IO\BIDS</Filter>
    </ClCompile>
    <ClCompile Include="Prefs\AwAddVenvDial.cpp">
      <Filter>Prefs</Filter>
    </ClCompile>
    <ClCompile Include="Prefs\AwPythonSetttings.cpp">
      <Filter>Prefs</Filter>
    </ClCompile>
    <ClCompile Include="Prefs\AwPython.cpp">
      <Filter>Prefs</Filter>
    </ClCompile>
    <ClCompile Include="IO\export\AwExportWizardDial.cpp">
      <Filter>IO\export</Filter>
    </ClCompile>
    <ClCompile Include="IO\export\AwOutputFileWizardPage.cpp">
      <Filter>IO\export</Filter>
    </ClCompile>
    <ClCompile Include="IO\export\AwChannelsExportWizardPage.cpp">
      <Filter>IO\export</Filter>
    </ClCompile>
    <ClCompile Include="IO\export\AwMarkersExportWizardPage.cpp">
      <Filter>IO\export</Filter>
    </ClCompile>
    <ClCompile Include="IO\export\AwFilterExportWizardPage.cpp">
      <Filter>IO\export</Filter>
    </ClCompile>
    <ClCompile Include="IO\export\AwExporter.cpp">
      <Filter>IO\export</Filter>
    </ClCompile>
    <ClCompile Include="IO\BIDS\AwBIDSIO.cpp">
      <Filter>IO\BIDS</Filter>
    </ClCompile>
    <ClCompile Include="ICA\AwICAMappingItem.cpp">
      <Filter>ICA</Filter>
    </ClCompile>
  </ItemGroup>
  <ItemGroup>
    <QtMoc Include="Data\AwDataConnection.h">
      <Filter>Data</Filter>
    </QtMoc>
    <QtMoc Include="Data\AwDataServer.h">
      <Filter>Data</Filter>
    </QtMoc>
    <QtMoc Include="Debug\AwDebugLog.h">
      <Filter>Debug</Filter>
    </QtMoc>
    <QtMoc Include="Debug\AwDebugLogWidget.h">
      <Filter>Debug</Filter>
    </QtMoc>
    <QtUic Include="Debug\AwDebugLogWidget.ui">
      <Filter>Debug</Filter>
    </QtUic>
    <QtMoc Include="Display\AwChannelSelectionDial.h">
      <Filter>Display</Filter>
    </QtMoc>
    <QtUic Include="Display\AwChannelSelectionDial.ui">
      <Filter>Display</Filter>
    </QtUic>
    <QtMoc Include="Display\AwChannelSelectionModel.h">
      <Filter>Display</Filter>
    </QtMoc>
    <QtMoc Include="Display\AwDisplay.h">
      <Filter>Display</Filter>
    </QtMoc>
    <QtMoc Include="Display\AwDisplaySetup.h">
      <Filter>Display</Filter>
    </QtMoc>
    <QtMoc Include="Display\AwDSMSaveSetupUI.h">
      <Filter>Display</Filter>
    </QtMoc>
    <QtUic Include="Display\AwDSMSaveSetupUI.ui">
      <Filter>Display</Filter>
    </QtUic>
    <QtMoc Include="Display\AwNewViewDial.h">
      <Filter>Display</Filter>
    </QtMoc>
    <QtUic Include="Display\AwNewViewDial.ui">
      <Filter>Display</Filter>
    </QtUic>
    <QtMoc Include="Display\AwScene.h">
      <Filter>Display</Filter>
    </QtMoc>
    <QtMoc Include="Display\AwSignalView.h">
      <Filter>Display</Filter>
    </QtMoc>
    <QtMoc Include="Filter\AwFilterToolBar.h">
      <Filter>Filter</Filter>
    </QtMoc>
    <QtUic Include="Filter\AwFilterToolBar.ui">
      <Filter>Filter</Filter>
    </QtUic>
    <QtMoc Include="Marker\AwDockAddMarker.h">
      <Filter>Marker</Filter>
    </QtMoc>
    <QtMoc Include="Marker\AwMarkerListModel.h">
      <Filter>Marker</Filter>
    </QtMoc>
    <QtMoc Include="Marker\AwMarkerManager.h">
      <Filter>Marker</Filter>
    </QtMoc>
    <QtMoc Include="Marker\AwMarkerManagerSettings.h">
      <Filter>Marker</Filter>
    </QtMoc>
    <QtUic Include="Marker\AwMarkerManagerSettings.ui">
      <Filter>Marker</Filter>
    </QtUic>
    <QtMoc Include="Marker\AwMarkerRule.h">
      <Filter>Marker</Filter>
    </QtMoc>
    <QtMoc Include="Marker\AwMarkerRuleElement.h">
      <Filter>Marker</Filter>
    </QtMoc>
    <QtMoc Include="Marker\AwMarkerRuleManageDial.h">
      <Filter>Marker</Filter>
    </QtMoc>
    <QtUic Include="Marker\AwMarkerRuleManageDial.ui">
      <Filter>Marker</Filter>
    </QtUic>
    <QtMoc Include="Marker\AwMarkerRuleWidget.h">
      <Filter>Marker</Filter>
    </QtMoc>
    <QtUic Include="Marker\AwMarkerRuleWidget.ui">
      <Filter>Marker</Filter>
    </QtUic>
    <QtMoc Include="Marker\AwMarkerTableView.h">
      <Filter>Marker</Filter>
    </QtMoc>
    <QtMoc Include="Marker\AwNewMarkerRuleDial.h">
      <Filter>Marker</Filter>
    </QtMoc>
    <QtUic Include="Marker\AwNewMarkerRuleDial.ui">
      <Filter>Marker</Filter>
    </QtUic>
    <QtMoc Include="MATPy\AwMATPyServer.h">
      <Filter>MATPy</Filter>
    </QtMoc>
    <QtMoc Include="Montage\AwChannelListModel.h">
      <Filter>Montage</Filter>
    </QtMoc>
    <QtMoc Include="Montage\AwMontageDial.h">
      <Filter>Montage</Filter>
    </QtMoc>
    <QtUic Include="Montage\AwMontageDial.ui">
      <Filter>Montage</Filter>
    </QtUic>
    <QtMoc Include="Montage\AwMontageManager.h">
      <Filter>Montage</Filter>
    </QtMoc>
    <QtMoc Include="Montage\AwMontageTableView.h">
      <Filter>Montage</Filter>
    </QtMoc>
    <QtMoc Include="Plugin\AwPluginDial.h">
      <Filter>Plugin</Filter>
    </QtMoc>
    <QtUic Include="Plugin\AwPluginDial.ui">
      <Filter>Plugin</Filter>
    </QtUic>
    <QtMoc Include="Plugin\AwPluginManager.h">
      <Filter>Plugin</Filter>
    </QtMoc>
    <QtMoc Include="Prefs\AwPrefsDial.h">
      <Filter>Prefs</Filter>
    </QtMoc>
    <QtUic Include="Prefs\AwPrefsDial.ui">
      <Filter>Prefs</Filter>
    </QtUic>
    <QtMoc Include="Process\AwMatlabScriptPlugin.h">
      <Filter>Process</Filter>
    </QtMoc>
    <QtMoc Include="Process\AwProcessesWidget.h">
      <Filter>Process</Filter>
    </QtMoc>
    <QtUic Include="Process\AwProcessesWidget.ui">
      <Filter>Process</Filter>
    </QtUic>
    <QtMoc Include="Process\AwProcessManager.h">
      <Filter>Process</Filter>
    </QtMoc>
    <QtMoc Include="Process\AwProcessMarkerModel.h">
      <Filter>Process</Filter>
    </QtMoc>
    <QtMoc Include="Process\AwProgressIndicator.h">
      <Filter>Process</Filter>
    </QtMoc>
    <QtMoc Include="Process\AwPythonScriptPlugin.h">
      <Filter>Process</Filter>
    </QtMoc>
    <QtMoc Include="Process\AwScriptPlugin.h">
      <Filter>Process</Filter>
    </QtMoc>
    <QtMoc Include="Process\AwTriggerParser.h">
      <Filter>Process</Filter>
    </QtMoc>
    <QtMoc Include="Process\TPUi.h">
      <Filter>Process</Filter>
    </QtMoc>
    <QtUic Include="Process\TPUi.ui">
      <Filter>Process</Filter>
    </QtUic>
    <QtMoc Include="Widgets\AwAboutAnyWave.h">
      <Filter>Widgets</Filter>
    </QtMoc>
    <QtUic Include="Widgets\AwAboutAnyWave.ui">
      <Filter>Widgets</Filter>
    </QtUic>
    <QtMoc Include="Widgets\AwCursorMarkerToolBar.h">
      <Filter>Widgets</Filter>
    </QtMoc>
    <QtUic Include="Widgets\AwCursorMarkerToolBar.ui">
      <Filter>Widgets</Filter>
    </QtUic>
    <QtMoc Include="Widgets\AwDisplaySetupToolBar.h">
      <Filter>Widgets</Filter>
    </QtMoc>
    <QtUic Include="Widgets\AwDisplaySetupToolBar.ui">
      <Filter>Widgets</Filter>
    </QtUic>
    <QtMoc Include="Widgets\AwDisplayToolBar.h">
      <Filter>Widgets</Filter>
    </QtMoc>
    <QtUic Include="Widgets\AwDisplayToolBarv2.ui">
      <Filter>Widgets</Filter>
    </QtUic>
    <QtMoc Include="Widgets\AwFilePropertiesDialog.h">
      <Filter>Widgets</Filter>
    </QtMoc>
    <QtUic Include="Widgets\AwFilePropertiesDialog.ui">
      <Filter>Widgets</Filter>
    </QtUic>
    <QtMoc Include="Widgets\AwFilePropertiesModel.h">
      <Filter>Widgets</Filter>
    </QtMoc>
    <QtMoc Include="Widgets\AwFileToolBar.h">
      <Filter>Widgets</Filter>
    </QtMoc>
    <QtUic Include="Widgets\AwFileToolBar.ui">
      <Filter>Widgets</Filter>
    </QtUic>
    <QtMoc Include="Widgets\AwMappingToolBar.h">
      <Filter>Widgets</Filter>
    </QtMoc>
    <QtUic Include="Widgets\AwMappingToolBar.ui">
      <Filter>Widgets</Filter>
    </QtUic>
    <QtMoc Include="Widgets\AwMarkersBar.h">
      <Filter>Widgets</Filter>
    </QtMoc>
    <QtMoc Include="Widgets\AwMontageRefWidget.h">
      <Filter>Widgets</Filter>
    </QtMoc>
    <QtMoc Include="Widgets\AwMontageToolBar.h">
      <Filter>Widgets</Filter>
    </QtMoc>
    <QtUic Include="Widgets\AwMontageToolBar.ui">
      <Filter>Widgets</Filter>
    </QtUic>
    <QtMoc Include="Widgets\AwPleaseWaitWidget.h">
      <Filter>Widgets</Filter>
    </QtMoc>
    <QtUic Include="Widgets\AwPleaseWaitWidget.ui">
      <Filter>Widgets</Filter>
    </QtUic>
    <QtMoc Include="Widgets\AwTriggerParsingDialog.h">
      <Filter>Widgets</Filter>
    </QtMoc>
    <QtUic Include="Widgets\AwTriggerParsingDialog.ui">
      <Filter>Widgets</Filter>
    </QtUic>
    <QtMoc Include="AnyWave.h">
      <Filter>Header Files</Filter>
    </QtMoc>
    <QtUic Include="AnyWave.ui">
      <Filter>Form Files</Filter>
    </QtUic>
    <QtMoc Include="AwExportDial.h">
      <Filter>Header Files</Filter>
    </QtMoc>
    <QtMoc Include="Carto\AwMappingClient.h">
      <Filter>Carto</Filter>
    </QtMoc>
    <QtMoc Include="ICA\AwICAManager.h">
      <Filter>ICA</Filter>
    </QtMoc>
    <QtMoc Include="ICA\AwICAComponents.h">
      <Filter>ICA</Filter>
    </QtMoc>
    <QtMoc Include="ICA\AwICASignalItem.h">
      <Filter>ICA</Filter>
    </QtMoc>
    <QtMoc Include="ICA\AwICARejectButton.h">
      <Filter>ICA</Filter>
    </QtMoc>
    <QtMoc Include="Process\AwProcessLogWindow.h">
      <Filter>Process</Filter>
    </QtMoc>
    <QtUic Include="Process\AwProcessLogWindow.ui">
      <Filter>Process</Filter>
    </QtUic>
    <QtMoc Include="Process\AwProcessWidget.h">
      <Filter>Process</Filter>
    </QtMoc>
    <QtUic Include="Process\AwProcessWidget.ui">
      <Filter>Process</Filter>
    </QtUic>
    <QtMoc Include="MATPy\AwRequestServer.h">
      <Filter>MATPy</Filter>
    </QtMoc>
    <QtMoc Include="Display\AwViewSetup.h">
      <Filter>Display</Filter>
    </QtMoc>
    <QtMoc Include="ICA\AwMappingButton.h">
      <Filter>ICA</Filter>
    </QtMoc>
    <QtMoc Include="Carto\AwDockMapping.h">
      <Filter>Carto</Filter>
    </QtMoc>
    <QtMoc Include="Carto\AwMappingWidget.h">
      <Filter>Carto</Filter>
    </QtMoc>
    <QtUic Include="Carto\AwMappingWidget.ui">
      <Filter>Carto</Filter>
    </QtUic>
    <QtUic Include="ICA\AwICAPanel.ui">
      <Filter>Form Files</Filter>
    </QtUic>
    <QtMoc Include="ICA\AwICAPanel.h">
      <Filter>ICA</Filter>
    </QtMoc>
    <QtUic Include="ICA\AwPanelItem.ui">
      <Filter>Form Files</Filter>
    </QtUic>
    <QtMoc Include="ICA\AwPanelItem.h">
      <Filter>ICA</Filter>
    </QtMoc>
    <QtMoc Include="Display\AwCentralWidget.h">
      <Filter>Display</Filter>
    </QtMoc>
    <QtMoc Include="Process\AwProcessLogManager.h">
      <Filter>Process</Filter>
    </QtMoc>
    <QtMoc Include="Process\AwProcessLog.h">
      <Filter>Process</Filter>
    </QtMoc>
    <QtMoc Include="Marker\AwPickChannelsDial.h">
      <Filter>Marker</Filter>
    </QtMoc>
    <QtUic Include="Marker\AwPickChannelsDial.ui">
      <Filter>Marker</Filter>
    </QtUic>
    <QtMoc Include="Source\AwSourceManager.h">
      <Filter>Source</Filter>
    </QtMoc>
    <QtMoc Include="IO\ADES\ADESIO.h">
      <Filter>IO\ADES</Filter>
    </QtMoc>
    <QtUic Include="Marker\AwMarkersExportWidget.ui">
      <Filter>Marker</Filter>
    </QtUic>
    <QtMoc Include="Marker\AwMarkersExportWidget.h">
      <Filter>Marker</Filter>
    </QtMoc>
    <QtMoc Include="Process\AwMarkerExporter.h">
      <Filter>Process</Filter>
    </QtMoc>
    <QtMoc Include="IO\MATLAB\MATLABIO.h">
      <Filter>IO\MATLAB</Filter>
    </QtMoc>
    <QtMoc Include="Process\AwTriggerWriter.h">
      <Filter>Process</Filter>
    </QtMoc>
    <QtMoc Include="Widgets\AwSelectTriggerChannelDialog.h">
      <Filter>Widgets</Filter>
    </QtMoc>
    <QtMoc Include="Process\AwTriggerEraser.h">
      <Filter>Process</Filter>
    </QtMoc>
    <QtUic Include="Widgets\AwSelectTriggerChannelDialog.ui">
      <Filter>Widgets</Filter>
    </QtUic>
    <QtMoc Include="IO\BIDS\AwBIDSManager.h">
      <Filter>IO\BIDS</Filter>
    </QtMoc>
    <QtMoc Include="IO\BIDS\AwBIDSGUI.h">
      <Filter>IO\BIDS</Filter>
    </QtMoc>
    <QtUic Include="IO\BIDS\AwBIDSGUI.ui">
      <Filter>IO\BIDS</Filter>
    </QtUic>
    <QtMoc Include="AwOpenFileDialog.h">
      <Filter>Header Files</Filter>
    </QtMoc>
    <QtMoc Include="CL\AwCommandLogger.h">
      <Filter>CL</Filter>
    </QtMoc>
    <QtUic Include="Montage\AwECoGDialog.ui">
      <Filter>Montage</Filter>
    </QtUic>
    <QtMoc Include="Montage\AwECoGDialog.h">
      <Filter>Montage</Filter>
    </QtMoc>
    <QtMoc Include="Montage\AwECoGTableModel.h">
      <Filter>Montage</Filter>
    </QtMoc>
    <QtMoc Include="Process\AwLogPlainTextEdit.h">
      <Filter>Process</Filter>
    </QtMoc>
    <QtMoc Include="Process\AwMATLABMarkersExporter.h">
      <Filter>Process</Filter>
    </QtMoc>
    <QtMoc Include="Display\AwVideoManager.h">
      <Filter>Display</Filter>
    </QtMoc>
    <QtUic Include="Widgets\AwVideoSettingsDial.ui">
      <Filter>Form Files</Filter>
    </QtUic>
    <QtMoc Include="Widgets\AwVideoSettingsDial.h">
      <Filter>Widgets</Filter>
    </QtMoc>
    <QtMoc Include="Data\AwDataSet.h">
      <Filter>Data</Filter>
    </QtMoc>
    <QtMoc Include="Batch\AwBatchDialog.h">
      <Filter>Batch</Filter>
    </QtMoc>
    <QtUic Include="Batch\AwBatchDialog.ui">
      <Filter>Batch</Filter>
    </QtUic>
    <QtMoc Include="Batch\AwBatchModel.h">
      <Filter>Batch</Filter>
    </QtMoc>
    <QtUic Include="Batch\AwAddEditBatchDialog.ui">
      <Filter>Batch</Filter>
    </QtUic>
    <QtMoc Include="Batch\AwAddEditBatchDialog.h">
      <Filter>Batch</Filter>
    </QtMoc>
    <QtMoc Include="Batch\AwBatchRunner.h">
      <Filter>Batch</Filter>
    </QtMoc>
    <QtUic Include="Batch\AwBatchFileInputWidget.ui">
      <Filter>Batch</Filter>
    </QtUic>
    <QtMoc Include="Batch\AwBatchFileInputWidget.h">
      <Filter>Batch</Filter>
    </QtMoc>
    <QtUic Include="IO\BIDS\AwBIDSGUIOptionsDialog.ui">
      <Filter>IO\BIDS</Filter>
    </QtUic>
    <QtMoc Include="IO\BIDS\AwBIDSGUIOptionsDialog.h">
      <Filter>IO\BIDS</Filter>
    </QtMoc>
    <QtMoc Include="Batch\AwBatchManager.h">
      <Filter>Batch</Filter>
    </QtMoc>
    <QtMoc Include="Batch\AwBatchGUI.h">
      <Filter>Batch</Filter>
    </QtMoc>
    <QtUic Include="Batch\AwBatchGUI.ui">
      <Filter>Batch</Filter>
    </QtUic>
    <QtMoc Include="MATPy\AwPidManager.h">
      <Filter>MATPy</Filter>
    </QtMoc>
    <QtRcc Include="..\..\resources\AnyWave.qrc">
      <Filter>Resource Files</Filter>
    </QtRcc>
    <QtMoc Include="Data\AwDataManager.h">
      <Filter>Data</Filter>
    </QtMoc>
    <QtMoc Include="Marker\AwStatsWidget.h">
      <Filter>Marker</Filter>
    </QtMoc>
    <QtMoc Include="AwComponents.h">
      <Filter>Source Files</Filter>
    </QtMoc>
    <QtMoc Include="Plugin\AwMATPyCreator.h">
      <Filter>Plugin</Filter>
    </QtMoc>
    <QtMoc Include="3DViewer\AwSEEGViewer.h">
      <Filter>3DViewer</Filter>
    </QtMoc>
    <QtMoc Include="3DViewer\AwSEEGWidget.h">
      <Filter>3DViewer</Filter>
    </QtMoc>
    <QtMoc Include="ICA\AwSEEGMap.h">
      <Filter>ICA</Filter>
    </QtMoc>
    <QtMoc Include="Updater\AwUpdateManager.h">
      <Filter>Updater</Filter>
    </QtMoc>
    <QtMoc Include="Updater\AwUpdaterGui.h">
      <Filter>Updater</Filter>
    </QtMoc>
    <QtMoc Include="Updater\AwDownloadGui.h">
      <Filter>Updater</Filter>
    </QtMoc>
    <QtMoc Include="Prefs\AwAddVenvDial.h">
      <Filter>Prefs</Filter>
    </QtMoc>
    <QtMoc Include="Prefs\AwSettings.h">
      <Filter>Process</Filter>
    </QtMoc>
    <QtMoc Include="IO\export\AwOutputFileWizardPage.h">
      <Filter>IO\export</Filter>
    </QtMoc>
    <QtMoc Include="IO\export\AwChannelsExportWizardPage.h">
      <Filter>IO\export</Filter>
    </QtMoc>
    <QtMoc Include="IO\export\AwMarkersExportWizardPage.h">
      <Filter>IO\export</Filter>
    </QtMoc>
    <QtMoc Include="IO\export\AwFilterExportWizardPage.h">
      <Filter>IO\export</Filter>
    </QtMoc>
    <QtMoc Include="IO\export\AwExportWizardDial.h">
      <Filter>IO\export</Filter>
    </QtMoc>
    <QtMoc Include="IO\export\AwExporter.h">
      <Filter>IO\export</Filter>
    </QtMoc>
  </ItemGroup>
  <ItemGroup>
    <ClInclude Include="Prefs\AwPreferences.h">
      <Filter>Prefs</Filter>
    </ClInclude>
    <ClInclude Include="ICA\AwICAChannel.h">
      <Filter>ICA</Filter>
    </ClInclude>
    <ClInclude Include="resource2.h">
      <Filter>Generated Files</Filter>
    </ClInclude>
    <ClInclude Include="resource.h">
      <Filter>Generated Files</Filter>
    </ClInclude>
    <ClInclude Include="Marker\AwExtractTriggers.h">
      <Filter>Marker</Filter>
    </ClInclude>
    <ClInclude Include="Source\AwSourceChannel.h">
      <Filter>Source</Filter>
    </ClInclude>
    <ClInclude Include="..\..\include\aw_armadillo.h">
      <Filter>Generated Files</Filter>
    </ClInclude>
    <ClInclude Include="IO\BIDS\AwBIDSItem.h">
      <Filter>IO\BIDS</Filter>
    </ClInclude>
    <ClInclude Include="MATPy\AwTCPResponse.h">
      <Filter>MATPy</Filter>
    </ClInclude>
    <ClInclude Include="Data\AwDataChunk.h">
      <Filter>Data</Filter>
    </ClInclude>
    <ClInclude Include="IO\JSON\AwJSON.h">
      <Filter>IO\JSON</Filter>
    </ClInclude>
    <ClInclude Include="CL\AwCommandLineManager.h">
      <Filter>CL</Filter>
    </ClInclude>
    <ClInclude Include="CL\CommandLineParser.h">
      <Filter>CL</Filter>
    </ClInclude>
    <ClInclude Include="Montage\AwECoGGrid.h">
      <Filter>Montage</Filter>
    </ClInclude>
    <ClInclude Include="Batch\AwBatchItem.h">
      <Filter>Batch</Filter>
    </ClInclude>
    <ClInclude Include="..\..\include\AwKeys.h">
      <Filter>Header Files</Filter>
    </ClInclude>
    <ClInclude Include="..\..\include\AwVersion.h">
      <Filter>Header Files</Filter>
    </ClInclude>
    <ClInclude Include="..\..\include\keys\data.h">
      <Filter>Generated Files</Filter>
    </ClInclude>
    <ClInclude Include="3DViewer\AwSEEGInteractor.h">
      <Filter>3DViewer</Filter>
    </ClInclude>
    <ClInclude Include="3DViewer\vtkPialReader.h">
      <Filter>3DViewer</Filter>
    </ClInclude>
    <ClInclude Include="Prefs\AwPython.h">
      <Filter>Prefs</Filter>
    </ClInclude>
    <ClInclude Include="Prefs\AwPythonSettings.h">
      <Filter>Prefs</Filter>
    </ClInclude>
    <ClInclude Include="ICA\AwICAMappingItem.h">
      <Filter>ICA</Filter>
    </ClInclude>
  </ItemGroup>
  <ItemGroup>
    <Image Include="icon1.ico" />
    <Image Include="..\..\resources\images\AddToMontage48x48.png">
      <Filter>Resource Files</Filter>
    </Image>
    <Image Include="..\..\resources\images\back32x32.png">
      <Filter>Resource Files</Filter>
    </Image>
    <Image Include="..\..\resources\images\carto_32x32.png">
      <Filter>Resource Files</Filter>
    </Image>
    <Image Include="..\..\resources\images\cursor_mode.png">
      <Filter>Resource Files</Filter>
    </Image>
    <Image Include="..\..\resources\images\display-settings.png">
      <Filter>Resource Files</Filter>
    </Image>
    <Image Include="..\..\resources\images\edit-24x24.png">
      <Filter>Resource Files</Filter>
    </Image>
    <Image Include="..\..\resources\images\end32x32.png">
      <Filter>Resource Files</Filter>
    </Image>
    <Image Include="..\..\resources\images\fileopen-32.png">
      <Filter>Resource Files</Filter>
    </Image>
    <Image Include="..\..\resources\images\fwd32x32.png">
      <Filter>Resource Files</Filter>
    </Image>
    <Image Include="..\..\resources\images\AnyWave.png">
      <Filter>Resource Files</Filter>
    </Image>
    <Image Include="..\..\resources\images\start32x32.png">
      <Filter>Resource Files</Filter>
    </Image>
    <Image Include="..\..\resources\images\INSERM_logo.png">
      <Filter>Resource Files</Filter>
    </Image>
    <Image Include="..\..\resources\images\logo_amu_rvb.png">
      <Filter>Resource Files</Filter>
    </Image>
    <Image Include="..\..\resources\images\VTK_logo.png">
      <Filter>Resource Files</Filter>
    </Image>
    <Image Include="..\..\resources\images\matlablogo.jpg">
      <Filter>Resource Files</Filter>
    </Image>
    <Image Include="..\..\resources\images\ox_eye_48.png">
      <Filter>Resource Files</Filter>
    </Image>
    <Image Include="..\..\resources\images\ox_eye_32.png">
      <Filter>Resource Files</Filter>
    </Image>
    <Image Include="..\..\resources\images\plus_sign_24x24.png">
      <Filter>Resource Files</Filter>
    </Image>
    <Image Include="..\..\resources\images\minus_sign_24x24.png">
      <Filter>Resource Files</Filter>
    </Image>
    <Image Include="..\..\resources\images\ox_document_save_as_32.png">
      <Filter>Resource Files</Filter>
    </Image>
    <Image Include="..\..\resources\images\ox_application_exit_32.png">
      <Filter>Resource Files</Filter>
    </Image>
    <Image Include="..\..\resources\images\ox_plugin_32.png">
      <Filter>Resource Files</Filter>
    </Image>
    <Image Include="..\..\resources\images\ox_view_filter_32.png">
      <Filter>Resource Files</Filter>
    </Image>
    <Image Include="..\..\resources\images\import_file_32.png">
      <Filter>Resource Files</Filter>
    </Image>
    <Image Include="..\..\resources\images\system_run_32.png">
      <Filter>Resource Files</Filter>
    </Image>
    <Image Include="..\..\resources\images\AnyWave_icon.png">
      <Filter>Resource Files</Filter>
    </Image>
    <Image Include="..\..\resources\images\Built_with_Qt_logo.png">
      <Filter>Resource Files</Filter>
    </Image>
    <Image Include="..\..\resources\images\list-icon_32.png">
      <Filter>Resource Files</Filter>
    </Image>
    <Image Include="..\..\resources\images\importICA32x32.png">
      <Filter>Resource Files</Filter>
    </Image>
    <Image Include="..\..\resources\images\logo_ins.png">
      <Filter>Resource Files</Filter>
    </Image>
    <Image Include="..\..\resources\images\GARDEL_32x32.png">
      <Filter>Resource Files</Filter>
    </Image>
    <Image Include="..\..\resources\images\armadillo.png">
      <Filter>Resource Files</Filter>
    </Image>
    <Image Include="..\..\resources\images\Capture32x32.png">
      <Filter>Resource Files</Filter>
    </Image>
    <Image Include="..\..\resources\images\QTS.png">
      <Filter>Resource Files</Filter>
    </Image>
  </ItemGroup>
  <ItemGroup>
    <None Include="cpp.hint" />
    <None Include="AnyWave.licenseheader" />
  </ItemGroup>
  <ItemGroup>
    <ResourceCompile Include="AnyWave.rc" />
  </ItemGroup>
  <ItemGroup>
    <QtUic Include="Plugin\AwMATPyCreator.ui">
      <Filter>Form Files</Filter>
    </QtUic>
    <QtUic Include="3DViewer\AwSEEGWidget.ui">
      <Filter>3DViewer</Filter>
    </QtUic>
    <QtUic Include="Updater\AwUpdaterGui.ui">
      <Filter>Updater</Filter>
    </QtUic>
    <QtUic Include="Updater\AwDownloadGui.ui">
      <Filter>Updater</Filter>
    </QtUic>
    <QtUic Include="Marker\AwStatsWidget.ui">
      <Filter>Marker</Filter>
    </QtUic>
    <QtUic Include="Prefs\AwAddVenvDial.ui">
      <Filter>Prefs</Filter>
    </QtUic>
  </ItemGroup>
</Project>