<?xml version="1.0" encoding="utf-8"?>
<Project ToolsVersion="4.0" xmlns="http://schemas.microsoft.com/developer/msbuild/2003">
  <ItemGroup>
    <Filter Include="Source Files">
      <UniqueIdentifier>{4FC737F1-C7A5-4376-A066-2A32D752A2FF}</UniqueIdentifier>
      <Extensions>cpp;c;cc;cxx;def;odl;idl;hpj;bat;asm;asmx</Extensions>
    </Filter>
    <Filter Include="Header Files">
      <UniqueIdentifier>{93995380-89BD-4b04-88EB-625FBE52EBFB}</UniqueIdentifier>
      <Extensions>h;hh;hpp;hxx;hm;inl;inc;xsd</Extensions>
    </Filter>
    <Filter Include="Resource Files">
      <UniqueIdentifier>{D9D6E242-F8AF-46E4-B9FD-80ECBC20BA3E}</UniqueIdentifier>
      <Extensions>qrc;*</Extensions>
      <ParseFiles>false</ParseFiles>
    </Filter>
    <Filter Include="Resource Files">
      <UniqueIdentifier>{D9D6E242-F8AF-46E4-B9FD-80ECBC20BA3E}</UniqueIdentifier>
      <Extensions>qrc;*</Extensions>
      <ParseFiles>false</ParseFiles>
    </Filter>
    <Filter Include="Generated Files">
      <UniqueIdentifier>{71ED8ED8-ACB9-4CE9-BBE1-E00B30144E11}</UniqueIdentifier>
      <Extensions>moc;h;cpp</Extensions>
      <SourceControlFiles>False</SourceControlFiles>
    </Filter>
    <Filter Include="fiff">
      <UniqueIdentifier>{c366df5a-1e2b-49cf-8e31-6fb3258b519f}</UniqueIdentifier>
    </Filter>
    <Filter Include="fiff\c">
      <UniqueIdentifier>{368d93de-c0e9-484b-a072-1715dd300c99}</UniqueIdentifier>
    </Filter>
    <Filter Include="utils">
      <UniqueIdentifier>{24fe196d-8f78-4d16-977c-1e167c89540d}</UniqueIdentifier>
    </Filter>
    <Filter Include="utils\generics">
      <UniqueIdentifier>{9aeb14aa-7a6f-4f5a-b24e-dea2ba0e9bbd}</UniqueIdentifier>
    </Filter>
  </ItemGroup>
  <ItemGroup>
    <ClCompile Include="FIFFIO.cpp">
      <Filter>Source Files</Filter>
    </ClCompile>
    <ClCompile Include="fiff\fiff.cpp">
      <Filter>fiff</Filter>
    </ClCompile>
    <ClCompile Include="fiff\fiff_ch_info.cpp">
      <Filter>fiff</Filter>
    </ClCompile>
    <ClCompile Include="fiff\fiff_ch_pos.cpp">
      <Filter>fiff</Filter>
    </ClCompile>
    <ClCompile Include="fiff\fiff_coord_trans.cpp">
      <Filter>fiff</Filter>
    </ClCompile>
    <ClCompile Include="fiff\fiff_cov.cpp">
      <Filter>fiff</Filter>
    </ClCompile>
    <ClCompile Include="fiff\fiff_ctf_comp.cpp">
      <Filter>fiff</Filter>
    </ClCompile>
    <ClCompile Include="fiff\fiff_dig_point.cpp">
      <Filter>fiff</Filter>
    </ClCompile>
    <ClCompile Include="fiff\fiff_dig_point_set.cpp">
      <Filter>fiff</Filter>
    </ClCompile>
    <ClCompile Include="fiff\fiff_dir_entry.cpp">
      <Filter>fiff</Filter>
    </ClCompile>
    <ClCompile Include="fiff\fiff_dir_node.cpp">
      <Filter>fiff</Filter>
    </ClCompile>
    <ClCompile Include="fiff\fiff_evoked.cpp">
      <Filter>fiff</Filter>
    </ClCompile>
    <ClCompile Include="fiff\fiff_evoked_set.cpp">
      <Filter>fiff</Filter>
    </ClCompile>
    <ClCompile Include="fiff\fiff_id.cpp">
      <Filter>fiff</Filter>
    </ClCompile>
    <ClCompile Include="fiff\fiff_info.cpp">
      <Filter>fiff</Filter>
    </ClCompile>
    <ClCompile Include="fiff\fiff_info_base.cpp">
      <Filter>fiff</Filter>
    </ClCompile>
    <ClCompile Include="fiff\fiff_io.cpp">
      <Filter>fiff</Filter>
    </ClCompile>
    <ClCompile Include="fiff\fiff_named_matrix.cpp">
      <Filter>fiff</Filter>
    </ClCompile>
    <ClCompile Include="fiff\fiff_proj.cpp">
      <Filter>fiff</Filter>
    </ClCompile>
    <ClCompile Include="fiff\fiff_raw_data.cpp">
      <Filter>fiff</Filter>
    </ClCompile>
    <ClCompile Include="fiff\fiff_raw_dir.cpp">
      <Filter>fiff</Filter>
    </ClCompile>
    <ClCompile Include="fiff\fiff_stream.cpp">
      <Filter>fiff</Filter>
    </ClCompile>
    <ClCompile Include="fiff\fiff_tag.cpp">
      <Filter>fiff</Filter>
    </ClCompile>
    <ClCompile Include="fiff\c\fiff_coord_trans_old.cpp">
      <Filter>fiff\c</Filter>
    </ClCompile>
    <ClCompile Include="fiff\c\fiff_coord_trans_set.cpp">
      <Filter>fiff\c</Filter>
    </ClCompile>
    <ClCompile Include="fiff\c\fiff_digitizer_data.cpp">
      <Filter>fiff\c</Filter>
    </ClCompile>
    <ClCompile Include="fiff\c\fiff_sparse_matrix.cpp">
      <Filter>fiff\c</Filter>
    </ClCompile>
    <ClCompile Include="utils\generics\buffer.cpp">
      <Filter>utils\generics</Filter>
    </ClCompile>
    <ClCompile Include="utils\generics\circularbuffer.cpp">
      <Filter>utils\generics</Filter>
    </ClCompile>
    <ClCompile Include="utils\generics\circularmatrixbuffer.cpp">
      <Filter>utils\generics</Filter>
    </ClCompile>
    <ClCompile Include="utils\generics\observerpattern.cpp">
      <Filter>utils\generics</Filter>
    </ClCompile>
    <ClCompile Include="utils\detecttrigger.cpp">
      <Filter>utils</Filter>
    </ClCompile>
    <ClCompile Include="utils\ioutils.cpp">
      <Filter>utils</Filter>
    </ClCompile>
    <ClCompile Include="utils\kmeans.cpp">
      <Filter>utils</Filter>
    </ClCompile>
    <ClCompile Include="utils\layoutloader.cpp">
      <Filter>utils</Filter>
    </ClCompile>
    <ClCompile Include="utils\layoutmaker.cpp">
      <Filter>utils</Filter>
    </ClCompile>
    <ClCompile Include="utils\mnemath.cpp">
      <Filter>utils</Filter>
    </ClCompile>
    <ClCompile Include="utils\selectionio.cpp">
      <Filter>utils</Filter>
    </ClCompile>
    <ClCompile Include="utils\sphere.cpp">
      <Filter>utils</Filter>
    </ClCompile>
    <ClCompile Include="utils\warp.cpp">
      <Filter>utils</Filter>
    </ClCompile>
    <ClCompile Include="fif_raw.cpp">
      <Filter>Source Files</Filter>
    </ClCompile>
    <ClCompile Include="fif_info.cpp">
      <Filter>Source Files</Filter>
    </ClCompile>
    <ClCompile Include="fif_direntry.cpp">
      <Filter>Source Files</Filter>
    </ClCompile>
    <ClCompile Include="fif_stream.cpp">
      <Filter>Source Files</Filter>
    </ClCompile>
    <ClCompile Include="fif_id.cpp">
      <Filter>Source Files</Filter>
    </ClCompile>
    <ClCompile Include="fif_tag.cpp">
      <Filter>Source Files</Filter>
    </ClCompile>
    <ClCompile Include="fif_ch_pos.cpp">
      <Filter>Source Files</Filter>
    </ClCompile>
    <ClCompile Include="fif_dig_point.cpp">
      <Filter>Source Files</Filter>
    </ClCompile>
  </ItemGroup>
  <ItemGroup>
    <ClInclude Include="fiffio_global.h">
      <Filter>Header Files</Filter>
    </ClInclude>
    <ClInclude Include="fiff\fiff.h">
      <Filter>fiff</Filter>
    </ClInclude>
    <ClInclude Include="fiff\fiff_ch_info.h">
      <Filter>fiff</Filter>
    </ClInclude>
    <ClInclude Include="fiff\fiff_ch_pos.h">
      <Filter>fiff</Filter>
    </ClInclude>
    <ClInclude Include="fiff\fiff_constants.h">
      <Filter>fiff</Filter>
    </ClInclude>
    <ClInclude Include="fiff\fiff_coord_trans.h">
      <Filter>fiff</Filter>
    </ClInclude>
    <ClInclude Include="fiff\fiff_cov.h">
      <Filter>fiff</Filter>
    </ClInclude>
    <ClInclude Include="fiff\fiff_ctf_comp.h">
      <Filter>fiff</Filter>
    </ClInclude>
    <ClInclude Include="fiff\fiff_dig_point.h">
      <Filter>fiff</Filter>
    </ClInclude>
    <ClInclude Include="fiff\fiff_dig_point_set.h">
      <Filter>fiff</Filter>
    </ClInclude>
    <ClInclude Include="fiff\fiff_dir_entry.h">
      <Filter>fiff</Filter>
    </ClInclude>
    <ClInclude Include="fiff\fiff_dir_node.h">
      <Filter>fiff</Filter>
    </ClInclude>
    <ClInclude Include="fiff\fiff_evoked.h">
      <Filter>fiff</Filter>
    </ClInclude>
    <ClInclude Include="fiff\fiff_evoked_set.h">
      <Filter>fiff</Filter>
    </ClInclude>
    <ClInclude Include="fiff\fiff_explain.h">
      <Filter>fiff</Filter>
    </ClInclude>
    <ClInclude Include="fiff\fiff_file.h">
      <Filter>fiff</Filter>
    </ClInclude>
    <ClInclude Include="fiff\fiff_global.h">
      <Filter>fiff</Filter>
    </ClInclude>
    <ClInclude Include="fiff\fiff_id.h">
      <Filter>fiff</Filter>
    </ClInclude>
    <ClInclude Include="fiff\fiff_info.h">
      <Filter>fiff</Filter>
    </ClInclude>
    <ClInclude Include="fiff\fiff_info_base.h">
      <Filter>fiff</Filter>
    </ClInclude>
    <ClInclude Include="fiff\fiff_io.h">
      <Filter>fiff</Filter>
    </ClInclude>
    <ClInclude Include="fiff\fiff_named_matrix.h">
      <Filter>fiff</Filter>
    </ClInclude>
    <ClInclude Include="fiff\fiff_proj.h">
      <Filter>fiff</Filter>
    </ClInclude>
    <ClInclude Include="fiff\fiff_raw_data.h">
      <Filter>fiff</Filter>
    </ClInclude>
    <ClInclude Include="fiff\fiff_raw_dir.h">
      <Filter>fiff</Filter>
    </ClInclude>
    <ClInclude Include="fiff\fiff_stream.h">
      <Filter>fiff</Filter>
    </ClInclude>
    <ClInclude Include="fiff\fiff_tag.h">
      <Filter>fiff</Filter>
    </ClInclude>
    <ClInclude Include="fiff\fiff_types.h">
      <Filter>fiff</Filter>
    </ClInclude>
    <ClInclude Include="fiff\c\fiff_coord_trans_old.h">
      <Filter>fiff\c</Filter>
    </ClInclude>
    <ClInclude Include="fiff\c\fiff_coord_trans_set.h">
      <Filter>fiff\c</Filter>
    </ClInclude>
    <ClInclude Include="fiff\c\fiff_digitizer_data.h">
      <Filter>fiff\c</Filter>
    </ClInclude>
    <ClInclude Include="fiff\c\fiff_sparse_matrix.h">
      <Filter>fiff\c</Filter>
    </ClInclude>
    <ClInclude Include="fiff\c\fiff_types_mne-c.h">
      <Filter>fiff\c</Filter>
    </ClInclude>
    <ClInclude Include="utils\generics\buffer.h">
      <Filter>utils\generics</Filter>
    </ClInclude>
    <ClInclude Include="utils\generics\circularbuffer.h">
      <Filter>utils\generics</Filter>
    </ClInclude>
    <ClInclude Include="utils\generics\circularbuffer_old.h">
      <Filter>utils\generics</Filter>
    </ClInclude>
    <ClInclude Include="utils\generics\circularmatrixbuffer.h">
      <Filter>utils\generics</Filter>
    </ClInclude>
    <ClInclude Include="utils\generics\circularmultichannelbuffer_old.h">
      <Filter>utils\generics</Filter>
    </ClInclude>
    <ClInclude Include="utils\generics\commandpattern.h">
      <Filter>utils\generics</Filter>
    </ClInclude>
    <ClInclude Include="utils\generics\observerpattern.h">
      <Filter>utils\generics</Filter>
    </ClInclude>
    <ClInclude Include="utils\generics\typename_old.h">
      <Filter>utils\generics</Filter>
    </ClInclude>
    <ClInclude Include="utils\detecttrigger.h">
      <Filter>utils</Filter>
    </ClInclude>
    <ClInclude Include="utils\ioutils.h">
      <Filter>utils</Filter>
    </ClInclude>
    <ClInclude Include="utils\kmeans.h">
      <Filter>utils</Filter>
    </ClInclude>
    <ClInclude Include="utils\layoutloader.h">
      <Filter>utils</Filter>
    </ClInclude>
    <ClInclude Include="utils\layoutmaker.h">
      <Filter>utils</Filter>
    </ClInclude>
    <ClInclude Include="utils\mnemath.h">
      <Filter>utils</Filter>
    </ClInclude>
    <ClInclude Include="utils\selectionio.h">
      <Filter>utils</Filter>
    </ClInclude>
    <ClInclude Include="utils\simplex_algorithm.h">
      <Filter>utils</Filter>
    </ClInclude>
    <ClInclude Include="utils\sphere.h">
      <Filter>utils</Filter>
    </ClInclude>
    <ClInclude Include="utils\utils_global.h">
      <Filter>utils</Filter>
    </ClInclude>
    <ClInclude Include="utils\warp.h">
      <Filter>utils</Filter>
    </ClInclude>
    <ClInclude Include="fif_raw.h">
      <Filter>Header Files</Filter>
    </ClInclude>
    <ClInclude Include="fif_info.h">
      <Filter>Header Files</Filter>
    </ClInclude>
    <ClInclude Include="fif_stream.h">
      <Filter>Header Files</Filter>
    </ClInclude>
    <ClInclude Include="fif_direntry.h">
      <Filter>Header Files</Filter>
    </ClInclude>
    <ClInclude Include="fif_dirnode.h">
      <Filter>Header Files</Filter>
    </ClInclude>
    <ClInclude Include="fif_types.h">
      <Filter>Header Files</Filter>
    </ClInclude>
    <ClInclude Include="fif_rawdir.h">
      <Filter>Header Files</Filter>
    </ClInclude>
    <ClInclude Include="fif_file.h">
      <Filter>Header Files</Filter>
    </ClInclude>
    <ClInclude Include="fif_constants.h">
      <Filter>Header Files</Filter>
    </ClInclude>
    <ClInclude Include="fif_tag.h">
      <Filter>Header Files</Filter>
    </ClInclude>
    <ClInclude Include="fif_id.h">
      <Filter>Header Files</Filter>
    </ClInclude>
    <ClInclude Include="fif_ch_info.h">
      <Filter>Header Files</Filter>
    </ClInclude>
    <ClInclude Include="fif_ch_pos.h">
      <Filter>Header Files</Filter>
    </ClInclude>
    <ClInclude Include="fif_dig_point.h">
      <Filter>Header Files</Filter>
    </ClInclude>
  </ItemGroup>
  <ItemGroup>
    <QtMoc Include="FIFFIO.h">
      <Filter>Header Files</Filter>
    </QtMoc>
  </ItemGroup>
  <ItemGroup>
    <None Include="fiff\fiff.pro">
      <Filter>fiff</Filter>
    </None>
    <None Include="utils\utils.pro">
      <Filter>utils</Filter>
    </None>
  </ItemGroup>
</Project>