<?xml version="1.0" encoding="utf-8"?>
<Project ToolsVersion="4.0" xmlns="http://schemas.microsoft.com/developer/msbuild/2003">
  <ItemGroup>
    <ClCompile Include="AwLayout.cpp" />
    <ClCompile Include="AwLayoutManager.cpp" />
  </ItemGroup>
  <ItemGroup>
    <ClInclude Include="..\..\include\layout\AwLayout.h" />
    <ClInclude Include="..\..\include\layout\AwLayoutManager.h" />
  </ItemGroup>
  <ItemGroup>
    <Filter Include="Resource Files">
      <UniqueIdentifier>{D9D6E242-F8AF-46E4-B9FD-80ECBC20BA3E}</UniqueIdentifier>
      <Extensions>qrc;*</Extensions>
      <ParseFiles>false</ParseFiles>
    </Filter>
    <Filter Include="Generated Files">
      <UniqueIdentifier>{71ED8ED8-ACB9-4CE9-BBE1-E00B30144E11}</UniqueIdentifier>
      <Extensions>moc;h;cpp</Extensions>
      <ParseFiles>true</ParseFiles>
    </Filter>
  </ItemGroup>
  <ItemGroup>
    <QtRcc Include="..\..\resources\layouts.qrc">
      <Filter>Resource Files</Filter>
    </QtRcc>
  </ItemGroup>
  <ItemGroup>
    <Text Include="..\..\resources\layouts\layouts.txt">
      <Filter>Resource Files</Filter>
    </Text>
  </ItemGroup>
  <ItemGroup>
    <None Include="..\..\resources\layouts\4D248.lay">
      <Filter>Resource Files</Filter>
    </None>
    <None Include="..\..\resources\layouts\elec1010.lay">
      <Filter>Resource Files</Filter>
    </None>
    <None Include="..\..\resources\layouts\EEG1005.lay">
      <Filter>Resource Files</Filter>
    </None>
    <None Include="..\..\resources\layouts\EEG1020.lay">
      <Filter>Resource Files</Filter>
    </None>
    <None Include="..\..\resources\layouts\biosemi16.lay">
      <Filter>Resource Files</Filter>
    </None>
    <None Include="..\..\resources\layouts\biosemi32.lay">
      <Filter>Resource Files</Filter>
    </None>
    <None Include="..\..\resources\layouts\biosemi160.lay">
      <Filter>Resource Files</Filter>
    </None>
    <None Include="..\..\resources\layouts\4D248_.lay">
      <Filter>Resource Files</Filter>
    </None>
    <None Include="..\..\resources\layouts\biosemi64.lay">
      <Filter>Resource Files</Filter>
    </None>
    <None Include="..\..\resources\layouts\elekta102.lay">
      <Filter>Resource Files</Filter>
    </None>
    <None Include="..\..\resources\layouts\egi257.lay">
      <Filter>Resource Files</Filter>
    </None>
    <None Include="..\AnyWave\AnyWave.licenseheader" />
  </ItemGroup>
</Project>